lockfileVersion: '6.0'

settings:
  autoInstallPeers: true
  excludeLinksFromLockfile: false

dependencies:
  '@ng-web-apis/common':
    specifier: ^3.0.6
    version: 3.0.6(@angular/common@17.0.8)(@angular/core@17.0.8)(rxjs@7.8.1)

packages:

  /@angular/common@17.0.8(@angular/core@17.0.8)(rxjs@7.8.1):
    resolution: {integrity: sha512-fFfwtdg7H+OkqnvV/ENu8F8KGfgIiH16DDbQqYY5KQyyQB+SMsoVW29F1fGx6Y30s7ZlsLOy6cHhgrw74itkSw==}
    engines: {node: ^18.13.0 || >=20.9.0}
    peerDependencies:
      '@angular/core': 17.0.8
      rxjs: ^6.5.3 || ^7.4.0
    dependencies:
      '@angular/core': 17.0.8(rxjs@7.8.1)(zone.js@0.14.2)
      rxjs: 7.8.1
      tslib: 2.6.2
    dev: false

  /@angular/core@17.0.8(rxjs@7.8.1)(zone.js@0.14.2):
    resolution: {integrity: sha512-tzYsK24LdkNuKNJK6efF4XOqspvF/qOe9j/n1Y61a6mNvFwsJFGbcmdZMby4hI/YRm6oIDoIIFjSep8ycp6Pbw==}
    engines: {node: ^18.13.0 || >=20.9.0}
    peerDependencies:
      rxjs: ^6.5.3 || ^7.4.0
      zone.js: ~0.14.0
    dependencies:
      rxjs: 7.8.1
      tslib: 2.6.2
      zone.js: 0.14.2
    dev: false

  /@ng-web-apis/common@3.0.6(@angular/common@17.0.8)(@angular/core@17.0.8)(rxjs@7.8.1):
    resolution: {integrity: sha512-ral+lzGpFS3aOCFB5DcHOI4lZhhp8GH4BnjSbngH2Xk8J0FKYdxRzvcPQVy7hS+TPUu0tW9uFVp6cC7odu3iyQ==}
    peerDependencies:
      '@angular/common': '>=12.0.0'
      '@angular/core': '>=12.0.0'
      rxjs: '>=6.4.0'
    dependencies:
      '@angular/common': 17.0.8(@angular/core@17.0.8)(rxjs@7.8.1)
      '@angular/core': 17.0.8(rxjs@7.8.1)(zone.js@0.14.2)
      rxjs: 7.8.1
      tslib: 2.6.2
    dev: false

  /rxjs@7.8.1:
    resolution: {integrity: sha512-AA3TVj+0A2iuIoQkWEK/tqFjBq2j+6PO6Y0zJcvzLAFhEFIO3HL0vls9hWLncZbAAbK0mar7oZ4V079I/qPMxg==}
    dependencies:
      tslib: 2.6.2
    dev: false

  /tslib@2.6.2:
    resolution: {integrity: sha512-AEYxH93jGFPn/a2iVAwW87VuUIkR1FVUKB77NwMF7nBTDkDrrT/Hpt/IrCJ0QXhW27jTBDcf5ZY7w6RiqTMw2Q==}
    dev: false

  /zone.js@0.14.2:
    resolution: {integrity: sha512-X4U7J1isDhoOmHmFWiLhloWc2lzMkdnumtfQ1LXzf/IOZp5NQYuMUTaviVzG/q1ugMBIXzin2AqeVJUoSEkNyQ==}
    dependencies:
      tslib: 2.6.2
    dev: false
